github.com/comail/colog v0.0.0-20160416085026-fba8e7b1f46c h1:bzYQ6WpR+t35/y19HUkolcg7SYeWZ15IclC9Z4naGHI=
github.com/comail/colog v0.0.0-20160416085026-fba8e7b1f46c/go.mod h1:1WwgAwMKQLYG5I2FBhpVx94YTOAuB2W59IZ7REjSE6Y=
github.com/davecgh/go-spew v1.1.0 h1:ZDRjVQ15GmhC3fiQ8ni8+OwkZQO4DARzQgrnXU1Liz8=
github.com/davecgh/go-spew v1.1.0/go.mod h1:J7Y8YcW2NihsgmVo/mv3lAwl/skON4iLHjSsI+c5H38=
github.com/docker/distribution v0.0.0-20180611183926-749f6afb4572 h1:i5cGFDf/s0ocGJXaJHJR+NiDgMb5oLoUNpGlRZqurlY=
github.com/docker/distribution v0.0.0-20180611183926-749f6afb4572/go.mod h1:J2gT2udsDAN96Uj4KfcMRqY0/ypR+oyYUYmja8H+y+w=
github.com/docker/distribution/reference v0.0.0-20180611183926-749f6afb4572/go.mod h1:G7mAYYxgmS0lVkHyy2hEOLQCFB0DlQFTMLWggykrydY=
github.com/ghodss/yaml v1.0.0 h1:wQHKEahhL6wmXdzwWG11gIVCkOv05bNOh+Rxn0yngAk=
github.com/ghodss/yaml v1.0.0/go.mod h1:4dBDuWmgqj2HViK6kFavaiC9ZROes6MMH2rRYeMEF04=
github.com/gogo/protobuf v1.0.0 h1:2jyBKDKU/8v3v2xVR2PtiWQviFUyiaGk2rpfyFT8rTM=
github.com/gogo/protobuf v1.0.0/go.mod h1:r8qH/GZQm5c6nD/R0oafs1akxWv10x8SbQlK7atdtwQ=
github.com/golang/glog v0.0.0-20160126235308-23def4e6c14b h1:VKtxabqXZkF25pY9ekfRL6a582T4P37/31XEstQ5p58=
github.com/golang/glog v0.0.0-20160126235308-23def4e6c14b/go.mod h1:SBH7ygxi8pfUlaOkMMuAQtPIUF8ecWP5IEl/CR7VP2Q=
github.com/golang/protobuf v1.1.0 h1:0iH4Ffd/meGoXqF2lSAhZHt8X+cPgkfn/cb6Cce5Vpc=
github.com/golang/protobuf v1.1.0/go.mod h1:6lQm79b+lXiMfvg/cZm0SGofjICqVBUtrP5yJMmIC1U=
github.com/golang/protobuf/proto v0.0.0-20180706225418-1325a051a275/go.mod h1:G7mAYYxgmS0lVkHyy2hEOLQCFB0DlQFTMLWggykrydY=
github.com/google/gofuzz v0.0.0-20170612174753-24818f796faf h1:+RRA9JqSOZFfKrOeqr2z77+8R2RKyh8PG66dcu1V0ck=
github.com/google/gofuzz v0.0.0-20170612174753-24818f796faf/go.mod h1:HP5RmnzzSNb993RKQDq4+1A4ia9nllfqcQFTQJedwGI=
github.com/json-iterator/go v0.0.0-20180701071628-ab8a2e0c74be h1:AHimNtVIpiBjPUhEF5KNCkrUyqTSA5zWUl8sQ2bfGBE=
github.com/json-iterator/go v0.0.0-20180701071628-ab8a2e0c74be/go.mod h1:+SdeFBvtyEkXs7REEP0seUULqWtbJapLOCVDaaPEHmU=
github.com/julienschmidt/httprouter v0.0.0-20180411154501-adbc77eec0d9 h1:TrJiKy0TujUDAEeXQCwLjfoU0JtkOG3yImw3jAWJxo0=
github.com/julienschmidt/httprouter v0.0.0-20180411154501-adbc77eec0d9/go.mod h1:SYymIcj16QtmaHHD7aYtjjsJG7VTCxuUUipMqKk8s4w=
github.com/modern-go/concurrent v0.0.0-20180306012644-bacd9c7ef1dd h1:TRLaZ9cD/w8PVh93nsPXa1VrQ6jlwL5oN8l14QlcNfg=
github.com/modern-go/concurrent v0.0.0-20180306012644-bacd9c7ef1dd/go.mod h1:6dJC0mAP4ikYIbvyc7fijjWJddQyLn8Ig3JB5CqoB9Q=
github.com/modern-go/reflect2 v0.0.0-20180701023420-4b7aa43c6742 h1:Esafd1046DLDQ0W1YjYsBW+p8U2u7vzgW2SQVmlNazg=
github.com/modern-go/reflect2 v0.0.0-20180701023420-4b7aa43c6742/go.mod h1:bx2lNnkwVCuqBIxFjflWJWanXIb3RllmbCylyMrvgv0=
github.com/opencontainers/go-digest v1.0.0-rc1 h1:WzifXhOVOEOuFYOJAW6aQqW0TooG2iki3E3Ii+WN7gQ=
github.com/opencontainers/go-digest v1.0.0-rc1/go.mod h1:cMLVZDEM3+U2I4VmLI6N8jQYUd2OVphdqWwCJHrFt2s=
github.com/pmezard/go-difflib v1.0.0 h1:4DBwDE0NGyQoBHbLQYPwSUPoCMWR5BEzIk/f1lZbAQM=
github.com/pmezard/go-difflib v1.0.0/go.mod h1:iKH77koFhYxTK1pcRnkKkqfTogsbg7gZNVY4sRDYZ/4=
github.com/spf13/pflag v1.0.1 h1:aCvUg6QPl3ibpQUxyLkrEkCHtPqYJL4x9AuhqVqFis4=
github.com/spf13/pflag v1.0.1/go.mod h1:DYY7MBk1bdzusC3SYhjObp+wFpr4gzcvqqNjLnInEg4=
github.com/stretchr/testify v1.2.2 h1:bSDNvY7ZPG5RlJ8otE/7V6gMiyenm9RtJ7IUVIAoJ1w=
github.com/stretchr/testify v1.2.2/go.mod h1:a8OnRcib4nhh0OaRAV+Yts87kKdq0PP7pXfy6kDkUVs=
golang.org/x/crypto v0.0.0-20180621125126-a49355c7e3f8 h1:h7zdf0RiEvWbYBKIx4b+q41xoUVnMmvsGZnIVE5syG8=
golang.org/x/crypto v0.0.0-20180621125126-a49355c7e3f8/go.mod h1:6SG95UA2DQfeDnfUPMdvaQW0Q7yPrPDi9nlGo2tz2b4=
golang.org/x/net v0.0.0-20180709222322-6a8eb5e2b181 h1:JOXZYZdcbcyuRBQn2z0orUsMBsGyfYozcLlvWuYh00s=
golang.org/x/net v0.0.0-20180709222322-6a8eb5e2b181/go.mod h1:mL1N/T3taQHkDXs73rZJwtUhF3w3ftmwwsq0BUmARs4=
golang.org/x/sync v0.0.0-20180314180146-1d60e4601c6f h1:wMNYb4v58l5UBM7MYRLPG6ZhfOqbKu7X5eyFl8ZhKvA=
golang.org/x/sync v0.0.0-20180314180146-1d60e4601c6f/go.mod h1:RxMgew5VJxzue5/jJTE5uejpjVlOe/izrB70Jof72aM=
golang.org/x/sync/errgroup v0.0.0-20180314180146-1d60e4601c6f/go.mod h1:G7mAYYxgmS0lVkHyy2hEOLQCFB0DlQFTMLWggykrydY=
golang.org/x/sys v0.0.0-20180709060233-1b2967e3c290 h1:lPmtvIvpa5gZbfK5Ms5fXR7KNpdSKkKE0W15ED+0p/U=
golang.org/x/sys v0.0.0-20180709060233-1b2967e3c290/go.mod h1:STP8DvDyc/dI5b8T5hshtkjS+E42TnysNCUPdjciGhY=
golang.org/x/text v0.3.0 h1:g61tztE5qeGQ89tm6NTjjM9VPIm088od1l6aSorWRWg=
golang.org/x/text v0.3.0/go.mod h1:NqM8EUOU14njkJ3fqMW+pc6Ldnwhi/IjpwHt7yyuwOQ=
golang.org/x/time v0.0.0-20180412165947-fbb02b2291d2 h1:+DCIGbF/swA92ohVg0//6X2IVY3KZs6p9mix0ziNYJM=
golang.org/x/time v0.0.0-20180412165947-fbb02b2291d2/go.mod h1:tRJNPiyCQ0inRvYxbN9jk5I+vvW/OXSQhTDSoE431IQ=
gopkg.in/check.v1 v0.0.0-20161208181325-20d25e280405 h1:yhCVgyC4o1eVCa2tZl7eS0r+SDo693bJlVdllGtEeKM=
gopkg.in/check.v1 v0.0.0-20161208181325-20d25e280405/go.mod h1:Co6ibVJAznAaIkqp8huTwlJQCZ016jof/cbN4VW5Yz0=
gopkg.in/inf.v0 v0.9.1 h1:73M5CoZyi3ZLMOyDlQh031Cx6N9NDJ2Vvfl76EDAgDc=
gopkg.in/inf.v0 v0.9.1/go.mod h1:cWUDdTG/fYaXco+Dcufb5Vnc6Gp2YChqWtbxRZE0mXw=
gopkg.in/yaml.v2 v2.2.1 h1:mUhvW9EsL+naU5Q3cakzfE91YhliOondGd6ZrsDBHQE=
gopkg.in/yaml.v2 v2.2.1/go.mod h1:hI93XBmqTisBFMUTm0b8Fm+jr3Dg1NNxqwp+5A1VGuI=
k8s.io/api v0.0.0-20180602000000-8b7507fac3026 h1:+werFCJnu+3I7tA1O8JTiSGgkS5oprYY02+WKwJgqss=
k8s.io/api v0.0.0-20180602000000-8b7507fac3026/go.mod h1:iuAfoD4hCxJ8Onx9kaTIt30j7jUFS00AXQi6QMi99vA=
k8s.io/api v0.0.0-20180628000000-072894a440bd h1:4c4/r6zP2ptrg1UV8xjX5GPhWhQiVvTGF2TM/tnScPA=
k8s.io/api v0.0.0-20180628000000-072894a440bd/go.mod h1:iuAfoD4hCxJ8Onx9kaTIt30j7jUFS00AXQi6QMi99vA=
k8s.io/apiextensions-apiserver v0.0.0-20180709191921-29a2b5e2b48e h1:SzRkk0frcfkpQ9FWYkf8QKn4cmzmseGTVfNnJdOB/rc=
k8s.io/apiextensions-apiserver v0.0.0-20180709191921-29a2b5e2b48e/go.mod h1:IxkesAMoaCRoLrPJdZNZUQp9NfZnzqaVzLhb2VEQzXE=
k8s.io/apiextensions-apiserver/pkg v0.0.0-20180709191921-29a2b5e2b48e/go.mod h1:G7mAYYxgmS0lVkHyy2hEOLQCFB0DlQFTMLWggykrydY=
k8s.io/apiextensions-apiserver/pkg/features v0.0.0-20180709191921-29a2b5e2b48e/go.mod h1:G7mAYYxgmS0lVkHyy2hEOLQCFB0DlQFTMLWggykrydY=
k8s.io/apimachinery v0.0.0-20180620000000-e386b2658ed2 h1:x2Ab6rRzsow0eJGBi9EqOfQdcGsMk8y/U+PeUKjANis=
k8s.io/apimachinery v0.0.0-20180620000000-e386b2658ed2/go.mod h1:ccL7Eh7zubPUSh9A3USN90/OzHNSVN6zxzde07TDCL0=
k8s.io/apimachinery v0.0.0-20180709171335-241e268dc8e0 h1:2W4WlxqYPHs2Sk39Oi/1cobwO1Ln+3io1nzJIq3se2Q=
k8s.io/apimachinery v0.0.0-20180709171335-241e268dc8e0/go.mod h1:ccL7Eh7zubPUSh9A3USN90/OzHNSVN6zxzde07TDCL0=
k8s.io/apiserver v0.0.0-20180709175922-2eca029519f6 h1:b+R0G6EHZ51xkODbrl5hmUqOxN3SthV0tnpMC7wZ2t8=
k8s.io/apiserver v0.0.0-20180709175922-2eca029519f6/go.mod h1:6bqaTSOSJavUIXUtfaR9Os9JtTCm8ZqH2SUl2S60C4w=
k8s.io/apiserver/pkg v0.0.0-20180709175922-2eca029519f6/go.mod h1:G7mAYYxgmS0lVkHyy2hEOLQCFB0DlQFTMLWggykrydY=
k8s.io/apiserver/pkg/features v0.0.0-20180709175922-2eca029519f6/go.mod h1:G7mAYYxgmS0lVkHyy2hEOLQCFB0DlQFTMLWggykrydY=
k8s.io/apiserver/pkg/util v0.0.0-20180709175922-2eca029519f6/go.mod h1:G7mAYYxgmS0lVkHyy2hEOLQCFB0DlQFTMLWggykrydY=
k8s.io/apiserver/pkg/util/feature v0.0.0-20180709175922-2eca029519f6/go.mod h1:G7mAYYxgmS0lVkHyy2hEOLQCFB0DlQFTMLWggykrydY=
k8s.io/client-go v0.0.0-20180620000000-a312bfe35c401 h1:MDWffVL3IYEgOz04XFTvPX/Nw4EwVQJvoWJ/6W09K8A=
k8s.io/client-go v0.0.0-20180620000000-a312bfe35c401/go.mod h1:7vJpHMYJwNQCWgzmNV+VYUl1zCObLyodBc8nIyt8L5s=
k8s.io/client-go v0.0.0-20180628043050-7d04d0e2a0a1 h1:w5dDBJqVNB0+WqlC2U6Uu1RTaA+KvQ6Sl8XCSJsBiJA=
k8s.io/client-go v0.0.0-20180628043050-7d04d0e2a0a1/go.mod h1:7vJpHMYJwNQCWgzmNV+VYUl1zCObLyodBc8nIyt8L5s=
k8s.io/kubernetes v1.10.0 h1:pmwrc6nmpuvEBwV94YX1alDdDmNH2pPpB6+z9/mYwig=
k8s.io/kubernetes v1.10.0/go.mod h1:ocZa8+6APFNC2tX1DZASIbocyYT5jHzqFVsY5aoB7Jk=
